
Microsoft Visual Studio Solution File, Format Version 12.00
# Visual Studio 14
VisualStudioVersion = 14.0.25420.1
MinimumVisualStudioVersion = 10.0.40219.1
Project("{FAE04EC0-301F-11D3-BF4B-00C04F79EFBC}") = "CopyWords.Tests", "CopyWords.Tests\CopyWords.Tests.csproj", "{64680596-AA5E-47E9-9617-DE7AEA9B2A26}"
EndProject
Project("{FAE04EC0-301F-11D3-BF4B-00C04F79EFBC}") = "CopyWordsWPF", "CopyWordsWPF\CopyWordsWPF.csproj", "{621D2E27-B4F9-4870-93CB-3B43FE393301}"
EndProject
Project("{2150E333-8FDC-42A3-9474-1A3956D46DE8}") = "Solution Items", "Solution Items", "{BB1D02D0-3D74-44A5-841D-ED39495D2B60}"
	ProjectSection(SolutionItems) = preProject
		..\.gitignore = ..\.gitignore
		..\README.md = ..\README.md
		RuleSet.ruleset = RuleSet.ruleset
	EndProjectSection
EndProject
Project("{FAE04EC0-301F-11D3-BF4B-00C04F79EFBC}") = "CopyWordsUWP", "CopyWordsUWP\CopyWordsUWP.csproj", "{BAB1B7AB-797B-4839-98C6-A1DAA99CBD2E}"
EndProject
Global
	GlobalSection(SolutionConfigurationPlatforms) = preSolution
		Debug|Any CPU = Debug|Any CPU
		Debug|ARM = Debug|ARM
		Debug|x64 = Debug|x64
		Debug|x86 = Debug|x86
		Release|Any CPU = Release|Any CPU
		Release|ARM = Release|ARM
		Release|x64 = Release|x64
		Release|x86 = Release|x86
	EndGlobalSection
	GlobalSection(ProjectConfigurationPlatforms) = postSolution
		{64680596-AA5E-47E9-9617-DE7AEA9B2A26}.Debug|Any CPU.ActiveCfg = Debug|Any CPU
		{64680596-AA5E-47E9-9617-DE7AEA9B2A26}.Debug|Any CPU.Build.0 = Debug|Any CPU
		{64680596-AA5E-47E9-9617-DE7AEA9B2A26}.Debug|ARM.ActiveCfg = Debug|Any CPU
		{64680596-AA5E-47E9-9617-DE7AEA9B2A26}.Debug|ARM.Build.0 = Debug|Any CPU
		{64680596-AA5E-47E9-9617-DE7AEA9B2A26}.Debug|x64.ActiveCfg = Debug|Any CPU
		{64680596-AA5E-47E9-9617-DE7AEA9B2A26}.Debug|x64.Build.0 = Debug|Any CPU
		{64680596-AA5E-47E9-9617-DE7AEA9B2A26}.Debug|x86.ActiveCfg = Debug|Any CPU
		{64680596-AA5E-47E9-9617-DE7AEA9B2A26}.Debug|x86.Build.0 = Debug|Any CPU
		{64680596-AA5E-47E9-9617-DE7AEA9B2A26}.Release|Any CPU.ActiveCfg = Release|Any CPU
		{64680596-AA5E-47E9-9617-DE7AEA9B2A26}.Release|Any CPU.Build.0 = Release|Any CPU
		{64680596-AA5E-47E9-9617-DE7AEA9B2A26}.Release|ARM.ActiveCfg = Release|Any CPU
		{64680596-AA5E-47E9-9617-DE7AEA9B2A26}.Release|ARM.Build.0 = Release|Any CPU
		{64680596-AA5E-47E9-9617-DE7AEA9B2A26}.Release|x64.ActiveCfg = Release|Any CPU
		{64680596-AA5E-47E9-9617-DE7AEA9B2A26}.Release|x64.Build.0 = Release|Any CPU
		{64680596-AA5E-47E9-9617-DE7AEA9B2A26}.Release|x86.ActiveCfg = Release|Any CPU
		{64680596-AA5E-47E9-9617-DE7AEA9B2A26}.Release|x86.Build.0 = Release|Any CPU
		{621D2E27-B4F9-4870-93CB-3B43FE393301}.Debug|Any CPU.ActiveCfg = Debug|Any CPU
		{621D2E27-B4F9-4870-93CB-3B43FE393301}.Debug|Any CPU.Build.0 = Debug|Any CPU
		{621D2E27-B4F9-4870-93CB-3B43FE393301}.Debug|ARM.ActiveCfg = Debug|Any CPU
		{621D2E27-B4F9-4870-93CB-3B43FE393301}.Debug|ARM.Build.0 = Debug|Any CPU
		{621D2E27-B4F9-4870-93CB-3B43FE393301}.Debug|x64.ActiveCfg = Debug|Any CPU
		{621D2E27-B4F9-4870-93CB-3B43FE393301}.Debug|x64.Build.0 = Debug|Any CPU
		{621D2E27-B4F9-4870-93CB-3B43FE393301}.Debug|x86.ActiveCfg = Debug|Any CPU
		{621D2E27-B4F9-4870-93CB-3B43FE393301}.Debug|x86.Build.0 = Debug|Any CPU
		{621D2E27-B4F9-4870-93CB-3B43FE393301}.Release|Any CPU.ActiveCfg = Release|Any CPU
		{621D2E27-B4F9-4870-93CB-3B43FE393301}.Release|Any CPU.Build.0 = Release|Any CPU
		{621D2E27-B4F9-4870-93CB-3B43FE393301}.Release|ARM.ActiveCfg = Release|Any CPU
		{621D2E27-B4F9-4870-93CB-3B43FE393301}.Release|ARM.Build.0 = Release|Any CPU
		{621D2E27-B4F9-4870-93CB-3B43FE393301}.Release|x64.ActiveCfg = Release|Any CPU
		{621D2E27-B4F9-4870-93CB-3B43FE393301}.Release|x64.Build.0 = Release|Any CPU
		{621D2E27-B4F9-4870-93CB-3B43FE393301}.Release|x86.ActiveCfg = Release|Any CPU
		{621D2E27-B4F9-4870-93CB-3B43FE393301}.Release|x86.Build.0 = Release|Any CPU
		{BAB1B7AB-797B-4839-98C6-A1DAA99CBD2E}.Debug|Any CPU.ActiveCfg = Debug|x86
		{BAB1B7AB-797B-4839-98C6-A1DAA99CBD2E}.Debug|Any CPU.Build.0 = Debug|x86
		{BAB1B7AB-797B-4839-98C6-A1DAA99CBD2E}.Debug|Any CPU.Deploy.0 = Debug|x86
		{BAB1B7AB-797B-4839-98C6-A1DAA99CBD2E}.Debug|ARM.ActiveCfg = Debug|ARM
		{BAB1B7AB-797B-4839-98C6-A1DAA99CBD2E}.Debug|ARM.Build.0 = Debug|ARM
		{BAB1B7AB-797B-4839-98C6-A1DAA99CBD2E}.Debug|ARM.Deploy.0 = Debug|ARM
		{BAB1B7AB-797B-4839-98C6-A1DAA99CBD2E}.Debug|x64.ActiveCfg = Debug|x64
		{BAB1B7AB-797B-4839-98C6-A1DAA99CBD2E}.Debug|x64.Build.0 = Debug|x64
		{BAB1B7AB-797B-4839-98C6-A1DAA99CBD2E}.Debug|x64.Deploy.0 = Debug|x64
		{BAB1B7AB-797B-4839-98C6-A1DAA99CBD2E}.Debug|x86.ActiveCfg = Debug|x86
		{BAB1B7AB-797B-4839-98C6-A1DAA99CBD2E}.Debug|x86.Build.0 = Debug|x86
		{BAB1B7AB-797B-4839-98C6-A1DAA99CBD2E}.Debug|x86.Deploy.0 = Debug|x86
		{BAB1B7AB-797B-4839-98C6-A1DAA99CBD2E}.Release|Any CPU.ActiveCfg = Release|x86
		{BAB1B7AB-797B-4839-98C6-A1DAA99CBD2E}.Release|ARM.ActiveCfg = Release|ARM
		{BAB1B7AB-797B-4839-98C6-A1DAA99CBD2E}.Release|ARM.Build.0 = Release|ARM
		{BAB1B7AB-797B-4839-98C6-A1DAA99CBD2E}.Release|ARM.Deploy.0 = Release|ARM
		{BAB1B7AB-797B-4839-98C6-A1DAA99CBD2E}.Release|x64.ActiveCfg = Release|x64
		{BAB1B7AB-797B-4839-98C6-A1DAA99CBD2E}.Release|x64.Build.0 = Release|x64
		{BAB1B7AB-797B-4839-98C6-A1DAA99CBD2E}.Release|x64.Deploy.0 = Release|x64
		{BAB1B7AB-797B-4839-98C6-A1DAA99CBD2E}.Release|x86.ActiveCfg = Release|x86
		{BAB1B7AB-797B-4839-98C6-A1DAA99CBD2E}.Release|x86.Build.0 = Release|x86
		{BAB1B7AB-797B-4839-98C6-A1DAA99CBD2E}.Release|x86.Deploy.0 = Release|x86
	EndGlobalSection
	GlobalSection(SolutionProperties) = preSolution
		HideSolutionNode = FALSE
	EndGlobalSection
EndGlobal
